// !$*UTF8*$!
{
	archiveVersion = 1;
	classes = {
	};
	objectVersion = 50;
	objects = {

/* Begin PBXBuildFile section */
		AB84D6C9256225D00089A981 /* DMDiskCache.swift in Sources */ = {isa = PBXBuildFile; fileRef = AB84D6C8256225D00089A981 /* DMDiskCache.swift */; };
		AB84D6CC256225D90089A981 /* DMMemoryCache.swift in Sources */ = {isa = PBXBuildFile; fileRef = AB84D6CB256225D90089A981 /* DMMemoryCache.swift */; };
		ABD0443C255E76200044678E /* AppDelegate.m in Sources */ = {isa = PBXBuildFile; fileRef = ABD0443B255E76200044678E /* AppDelegate.m */; };
		ABD0443F255E76200044678E /* SceneDelegate.m in Sources */ = {isa = PBXBuildFile; fileRef = ABD0443E255E76200044678E /* SceneDelegate.m */; };
		ABD04442255E76200044678E /* ViewController.m in Sources */ = {isa = PBXBuildFile; fileRef = ABD04441255E76200044678E /* ViewController.m */; };
		ABD04445255E76200044678E /* Main.storyboard in Resources */ = {isa = PBXBuildFile; fileRef = ABD04443255E76200044678E /* Main.storyboard */; };
		ABD04447255E76230044678E /* Assets.xcassets in Resources */ = {isa = PBXBuildFile; fileRef = ABD04446255E76230044678E /* Assets.xcassets */; };
		ABD0444A255E76230044678E /* LaunchScreen.storyboard in Resources */ = {isa = PBXBuildFile; fileRef = ABD04448255E76230044678E /* LaunchScreen.storyboard */; };
		ABD0444D255E76230044678E /* main.m in Sources */ = {isa = PBXBuildFile; fileRef = ABD0444C255E76230044678E /* main.m */; };
		ABD04456255E76430044678E /* Test.swift in Sources */ = {isa = PBXBuildFile; fileRef = ABD04455255E76430044678E /* Test.swift */; };
		ABD04486255E7DD20044678E /* YYDiskCache.m in Sources */ = {isa = PBXBuildFile; fileRef = ABD0447D255E7DD20044678E /* YYDiskCache.m */; };
		ABD04487255E7DD20044678E /* YYCache.m in Sources */ = {isa = PBXBuildFile; fileRef = ABD0447F255E7DD20044678E /* YYCache.m */; };
		ABD04488255E7DD20044678E /* YYKVStorage.m in Sources */ = {isa = PBXBuildFile; fileRef = ABD04483255E7DD20044678E /* YYKVStorage.m */; };
		ABD04489255E7DD20044678E /* YYMemoryCache.m in Sources */ = {isa = PBXBuildFile; fileRef = ABD04484255E7DD20044678E /* YYMemoryCache.m */; };
		ABD0448C255E7DED0044678E /* DMCache.swift in Sources */ = {isa = PBXBuildFile; fileRef = ABD0448B255E7DED0044678E /* DMCache.swift */; };
/* End PBXBuildFile section */

/* Begin PBXFileReference section */
		AB84D6C8256225D00089A981 /* DMDiskCache.swift */ = {isa = PBXFileReference; lastKnownFileType = sourcecode.swift; path = DMDiskCache.swift; sourceTree = "<group>"; };
		AB84D6CB256225D90089A981 /* DMMemoryCache.swift */ = {isa = PBXFileReference; lastKnownFileType = sourcecode.swift; path = DMMemoryCache.swift; sourceTree = "<group>"; };
		ABD04437255E76200044678E /* YYCacheTransToSwift.app */ = {isa = PBXFileReference; explicitFileType = wrapper.application; includeInIndex = 0; path = YYCacheTransToSwift.app; sourceTree = BUILT_PRODUCTS_DIR; };
		ABD0443A255E76200044678E /* AppDelegate.h */ = {isa = PBXFileReference; lastKnownFileType = sourcecode.c.h; path = AppDelegate.h; sourceTree = "<group>"; };
		ABD0443B255E76200044678E /* AppDelegate.m */ = {isa = PBXFileReference; lastKnownFileType = sourcecode.c.objc; path = AppDelegate.m; sourceTree = "<group>"; };
		ABD0443D255E76200044678E /* SceneDelegate.h */ = {isa = PBXFileReference; lastKnownFileType = sourcecode.c.h; path = SceneDelegate.h; sourceTree = "<group>"; };
		ABD0443E255E76200044678E /* SceneDelegate.m */ = {isa = PBXFileReference; lastKnownFileType = sourcecode.c.objc; path = SceneDelegate.m; sourceTree = "<group>"; };
		ABD04440255E76200044678E /* ViewController.h */ = {isa = PBXFileReference; lastKnownFileType = sourcecode.c.h; path = ViewController.h; sourceTree = "<group>"; };
		ABD04441255E76200044678E /* ViewController.m */ = {isa = PBXFileReference; lastKnownFileType = sourcecode.c.objc; path = ViewController.m; sourceTree = "<group>"; };
		ABD04444255E76200044678E /* Base */ = {isa = PBXFileReference; lastKnownFileType = file.storyboard; name = Base; path = Base.lproj/Main.storyboard; sourceTree = "<group>"; };
		ABD04446255E76230044678E /* Assets.xcassets */ = {isa = PBXFileReference; lastKnownFileType = folder.assetcatalog; path = Assets.xcassets; sourceTree = "<group>"; };
		ABD04449255E76230044678E /* Base */ = {isa = PBXFileReference; lastKnownFileType = file.storyboard; name = Base; path = Base.lproj/LaunchScreen.storyboard; sourceTree = "<group>"; };
		ABD0444B255E76230044678E /* Info.plist */ = {isa = PBXFileReference; lastKnownFileType = text.plist.xml; path = Info.plist; sourceTree = "<group>"; };
		ABD0444C255E76230044678E /* main.m */ = {isa = PBXFileReference; lastKnownFileType = sourcecode.c.objc; path = main.m; sourceTree = "<group>"; };
		ABD04454255E76420044678E /* YYCacheTransToSwift-Bridging-Header.h */ = {isa = PBXFileReference; lastKnownFileType = sourcecode.c.h; path = "YYCacheTransToSwift-Bridging-Header.h"; sourceTree = "<group>"; };
		ABD04455255E76430044678E /* Test.swift */ = {isa = PBXFileReference; lastKnownFileType = sourcecode.swift; path = Test.swift; sourceTree = "<group>"; };
		ABD0447D255E7DD20044678E /* YYDiskCache.m */ = {isa = PBXFileReference; fileEncoding = 4; lastKnownFileType = sourcecode.c.objc; path = YYDiskCache.m; sourceTree = "<group>"; };
		ABD0447E255E7DD20044678E /* YYKVStorage.h */ = {isa = PBXFileReference; fileEncoding = 4; lastKnownFileType = sourcecode.c.h; path = YYKVStorage.h; sourceTree = "<group>"; };
		ABD0447F255E7DD20044678E /* YYCache.m */ = {isa = PBXFileReference; fileEncoding = 4; lastKnownFileType = sourcecode.c.objc; path = YYCache.m; sourceTree = "<group>"; };
		ABD04480255E7DD20044678E /* YYMemoryCache.h */ = {isa = PBXFileReference; fileEncoding = 4; lastKnownFileType = sourcecode.c.h; path = YYMemoryCache.h; sourceTree = "<group>"; };
		ABD04481255E7DD20044678E /* YYDiskCache.h */ = {isa = PBXFileReference; fileEncoding = 4; lastKnownFileType = sourcecode.c.h; path = YYDiskCache.h; sourceTree = "<group>"; };
		ABD04482255E7DD20044678E /* YYCache.h */ = {isa = PBXFileReference; fileEncoding = 4; lastKnownFileType = sourcecode.c.h; path = YYCache.h; sourceTree = "<group>"; };
		ABD04483255E7DD20044678E /* YYKVStorage.m */ = {isa = PBXFileReference; fileEncoding = 4; lastKnownFileType = sourcecode.c.objc; path = YYKVStorage.m; sourceTree = "<group>"; };
		ABD04484255E7DD20044678E /* YYMemoryCache.m */ = {isa = PBXFileReference; fileEncoding = 4; lastKnownFileType = sourcecode.c.objc; path = YYMemoryCache.m; sourceTree = "<group>"; };
		ABD0448B255E7DED0044678E /* DMCache.swift */ = {isa = PBXFileReference; lastKnownFileType = sourcecode.swift; name = DMCache.swift; path = ../../../../../../../../Documents/DMCache.swift; sourceTree = "<group>"; };
/* End PBXFileReference section */

/* Begin PBXFrameworksBuildPhase section */
		ABD04434255E76200044678E /* Frameworks */ = {
			isa = PBXFrameworksBuildPhase;
			buildActionMask = 2147483647;
			files = (
			);
			runOnlyForDeploymentPostprocessing = 0;
		};
/* End PBXFrameworksBuildPhase section */

/* Begin PBXGroup section */
		ABD0442E255E76200044678E = {
			isa = PBXGroup;
			children = (
				ABD04439255E76200044678E /* YYCacheTransToSwift */,
				ABD04438255E76200044678E /* Products */,
			);
			sourceTree = "<group>";
		};
		ABD04438255E76200044678E /* Products */ = {
			isa = PBXGroup;
			children = (
				ABD04437255E76200044678E /* YYCacheTransToSwift.app */,
			);
			name = Products;
			sourceTree = "<group>";
		};
		ABD04439255E76200044678E /* YYCacheTransToSwift */ = {
			isa = PBXGroup;
			children = (
				ABD0447C255E7DD20044678E /* YYCache */,
				ABD04485255E7DD20044678E /* YYCache-Swift */,
				ABD0443A255E76200044678E /* AppDelegate.h */,
				ABD0443B255E76200044678E /* AppDelegate.m */,
				ABD0443D255E76200044678E /* SceneDelegate.h */,
				ABD0443E255E76200044678E /* SceneDelegate.m */,
				ABD04440255E76200044678E /* ViewController.h */,
				ABD04441255E76200044678E /* ViewController.m */,
				ABD04455255E76430044678E /* Test.swift */,
				ABD04443255E76200044678E /* Main.storyboard */,
				ABD04446255E76230044678E /* Assets.xcassets */,
				ABD04448255E76230044678E /* LaunchScreen.storyboard */,
				ABD0444B255E76230044678E /* Info.plist */,
				ABD0444C255E76230044678E /* main.m */,
				ABD04454255E76420044678E /* YYCacheTransToSwift-Bridging-Header.h */,
			);
			path = YYCacheTransToSwift;
			sourceTree = "<group>";
		};
		ABD0447C255E7DD20044678E /* YYCache */ = {
			isa = PBXGroup;
			children = (
				ABD04482255E7DD20044678E /* YYCache.h */,
				ABD0447F255E7DD20044678E /* YYCache.m */,
				ABD04481255E7DD20044678E /* YYDiskCache.h */,
				ABD0447D255E7DD20044678E /* YYDiskCache.m */,
				ABD0447E255E7DD20044678E /* YYKVStorage.h */,
				ABD04483255E7DD20044678E /* YYKVStorage.m */,
				ABD04480255E7DD20044678E /* YYMemoryCache.h */,
				ABD04484255E7DD20044678E /* YYMemoryCache.m */,
			);
			path = YYCache;
			sourceTree = "<group>";
		};
		ABD04485255E7DD20044678E /* YYCache-Swift */ = {
			isa = PBXGroup;
			children = (
				ABD0448B255E7DED0044678E /* DMCache.swift */,
				AB84D6C8256225D00089A981 /* DMDiskCache.swift */,
				AB84D6CB256225D90089A981 /* DMMemoryCache.swift */,
			);
			path = "YYCache-Swift";
			sourceTree = "<group>";
		};
/* End PBXGroup section */

/* Begin PBXNativeTarget section */
		ABD04436255E76200044678E /* YYCacheTransToSwift */ = {
			isa = PBXNativeTarget;
			buildConfigurationList = ABD04450255E76230044678E /* Build configuration list for PBXNativeTarget "YYCacheTransToSwift" */;
			buildPhases = (
				ABD04433255E76200044678E /* Sources */,
				ABD04434255E76200044678E /* Frameworks */,
				ABD04435255E76200044678E /* Resources */,
			);
			buildRules = (
			);
			dependencies = (
			);
			name = YYCacheTransToSwift;
			productName = YYCacheTransToSwift;
			productReference = ABD04437255E76200044678E /* YYCacheTransToSwift.app */;
			productType = "com.apple.product-type.application";
		};
/* End PBXNativeTarget section */

/* Begin PBXProject section */
		ABD0442F255E76200044678E /* Project object */ = {
			isa = PBXProject;
			attributes = {
				LastUpgradeCheck = 1210;
				TargetAttributes = {
					ABD04436255E76200044678E = {
						CreatedOnToolsVersion = 12.1;
						LastSwiftMigration = 1210;
					};
				};
			};
			buildConfigurationList = ABD04432255E76200044678E /* Build configuration list for PBXProject "YYCacheTransToSwift" */;
			compatibilityVersion = "Xcode 9.3";
			developmentRegion = en;
			hasScannedForEncodings = 0;
			knownRegions = (
				en,
				Base,
			);
			mainGroup = ABD0442E255E76200044678E;
			productRefGroup = ABD04438255E76200044678E /* Products */;
			projectDirPath = "";
			projectRoot = "";
			targets = (
				ABD04436255E76200044678E /* YYCacheTransToSwift */,
			);
		};
/* End PBXProject section */

/* Begin PBXResourcesBuildPhase section */
		ABD04435255E76200044678E /* Resources */ = {
			isa = PBXResourcesBuildPhase;
			buildActionMask = 2147483647;
			files = (
				ABD0444A255E76230044678E /* LaunchScreen.storyboard in Resources */,
				ABD04447255E76230044678E /* Assets.xcassets in Resources */,
				ABD04445255E76200044678E /* Main.storyboard in Resources */,
			);
			runOnlyForDeploymentPostprocessing = 0;
		};
/* End PBXResourcesBuildPhase section */

/* Begin PBXSourcesBuildPhase section */
		ABD04433255E76200044678E /* Sources */ = {
			isa = PBXSourcesBuildPhase;
			buildActionMask = 2147483647;
			files = (
				ABD04488255E7DD20044678E /* YYKVStorage.m in Sources */,
				ABD04442255E76200044678E /* ViewController.m in Sources */,
				ABD0443C255E76200044678E /* AppDelegate.m in Sources */,
				ABD0448C255E7DED0044678E /* DMCache.swift in Sources */,
				AB84D6C9256225D00089A981 /* DMDiskCache.swift in Sources */,
				ABD04456255E76430044678E /* Test.swift in Sources */,
				ABD04486255E7DD20044678E /* YYDiskCache.m in Sources */,
				ABD0444D255E76230044678E /* main.m in Sources */,
				AB84D6CC256225D90089A981 /* DMMemoryCache.swift in Sources */,
				ABD0443F255E76200044678E /* SceneDelegate.m in Sources */,
				ABD04489255E7DD20044678E /* YYMemoryCache.m in Sources */,
				ABD04487255E7DD20044678E /* YYCache.m in Sources */,
			);
			runOnlyForDeploymentPostprocessing = 0;
		};
/* End PBXSourcesBuildPhase section */

/* Begin PBXVariantGroup section */
		ABD04443255E76200044678E /* Main.storyboard */ = {
			isa = PBXVariantGroup;
			children = (
				ABD04444255E76200044678E /* Base */,
			);
			name = Main.storyboard;
			sourceTree = "<group>";
		};
		ABD04448255E76230044678E /* LaunchScreen.storyboard */ = {
			isa = PBXVariantGroup;
			children = (
				ABD04449255E76230044678E /* Base */,
			);
			name = LaunchScreen.storyboard;
			sourceTree = "<group>";
		};
/* End PBXVariantGroup section */

/* Begin XCBuildConfiguration section */
		ABD0444E255E76230044678E /* Debug */ = {
			isa = XCBuildConfiguration;
			buildSettings = {
				ALWAYS_SEARCH_USER_PATHS = NO;
				CLANG_ANALYZER_NONNULL = YES;
				CLANG_ANALYZER_NUMBER_OBJECT_CONVERSION = YES_AGGRESSIVE;
				CLANG_CXX_LANGUAGE_STANDARD = "gnu++14";
				CLANG_CXX_LIBRARY = "libc++";
				CLANG_ENABLE_MODULES = YES;
				CLANG_ENABLE_OBJC_ARC = YES;
				CLANG_ENABLE_OBJC_WEAK = YES;
				CLANG_WARN_BLOCK_CAPTURE_AUTORELEASING = YES;
				CLANG_WARN_BOOL_CONVERSION = YES;
				CLANG_WARN_COMMA = YES;
				CLANG_WARN_CONSTANT_CONVERSION = YES;
				CLANG_WARN_DEPRECATED_OBJC_IMPLEMENTATIONS = YES;
				CLANG_WARN_DIRECT_OBJC_ISA_USAGE = YES_ERROR;
				CLANG_WARN_DOCUMENTATION_COMMENTS = YES;
				CLANG_WARN_EMPTY_BODY = YES;
				CLANG_WARN_ENUM_CONVERSION = YES;
				CLANG_WARN_INFINITE_RECURSION = YES;
				CLANG_WARN_INT_CONVERSION = YES;
				CLANG_WARN_NON_LITERAL_NULL_CONVERSION = YES;
				CLANG_WARN_OBJC_IMPLICIT_RETAIN_SELF = YES;
				CLANG_WARN_OBJC_LITERAL_CONVERSION = YES;
				CLANG_WARN_OBJC_ROOT_CLASS = YES_ERROR;
				CLANG_WARN_QUOTED_INCLUDE_IN_FRAMEWORK_HEADER = YES;
				CLANG_WARN_RANGE_LOOP_ANALYSIS = YES;
				CLANG_WARN_STRICT_PROTOTYPES = YES;
				CLANG_WARN_SUSPICIOUS_MOVE = YES;
				CLANG_WARN_UNGUARDED_AVAILABILITY = YES_AGGRESSIVE;
				CLANG_WARN_UNREACHABLE_CODE = YES;
				CLANG_WARN__DUPLICATE_METHOD_MATCH = YES;
				COPY_PHASE_STRIP = NO;
				DEBUG_INFORMATION_FORMAT = dwarf;
				ENABLE_STRICT_OBJC_MSGSEND = YES;
				ENABLE_TESTABILITY = YES;
				GCC_C_LANGUAGE_STANDARD = gnu11;
				GCC_DYNAMIC_NO_PIC = NO;
				GCC_NO_COMMON_BLOCKS = YES;
				GCC_OPTIMIZATION_LEVEL = 0;
				GCC_PREPROCESSOR_DEFINITIONS = (
					"DEBUG=1",
					"$(inherited)",
				);
				GCC_WARN_64_TO_32_BIT_CONVERSION = YES;
				GCC_WARN_ABOUT_RETURN_TYPE = YES_ERROR;
				GCC_WARN_UNDECLARED_SELECTOR = YES;
				GCC_WARN_UNINITIALIZED_AUTOS = YES_AGGRESSIVE;
				GCC_WARN_UNUSED_FUNCTION = YES;
				GCC_WARN_UNUSED_VARIABLE = YES;
				IPHONEOS_DEPLOYMENT_TARGET = 14.1;
				MTL_ENABLE_DEBUG_INFO = INCLUDE_SOURCE;
				MTL_FAST_MATH = YES;
				ONLY_ACTIVE_ARCH = YES;
				SDKROOT = iphoneos;
			};
			name = Debug;
		};
		ABD0444F255E76230044678E /* Release */ = {
			isa = XCBuildConfiguration;
			buildSettings = {
				ALWAYS_SEARCH_USER_PATHS = NO;
				CLANG_ANALYZER_NONNULL = YES;
				CLANG_ANALYZER_NUMBER_OBJECT_CONVERSION = YES_AGGRESSIVE;
				CLANG_CXX_LANGUAGE_STANDARD = "gnu++14";
				CLANG_CXX_LIBRARY = "libc++";
				CLANG_ENABLE_MODULES = YES;
				CLANG_ENABLE_OBJC_ARC = YES;
				CLANG_ENABLE_OBJC_WEAK = YES;
				CLANG_WARN_BLOCK_CAPTURE_AUTORELEASING = YES;
				CLANG_WARN_BOOL_CONVERSION = YES;
				CLANG_WARN_COMMA = YES;
				CLANG_WARN_CONSTANT_CONVERSION = YES;
				CLANG_WARN_DEPRECATED_OBJC_IMPLEMENTATIONS = YES;
				CLANG_WARN_DIRECT_OBJC_ISA_USAGE = YES_ERROR;
				CLANG_WARN_DOCUMENTATION_COMMENTS = YES;
				CLANG_WARN_EMPTY_BODY = YES;
				CLANG_WARN_ENUM_CONVERSION = YES;
				CLANG_WARN_INFINITE_RECURSION = YES;
				CLANG_WARN_INT_CONVERSION = YES;
				CLANG_WARN_NON_LITERAL_NULL_CONVERSION = YES;
				CLANG_WARN_OBJC_IMPLICIT_RETAIN_SELF = YES;
				CLANG_WARN_OBJC_LITERAL_CONVERSION = YES;
				CLANG_WARN_OBJC_ROOT_CLASS = YES_ERROR;
				CLANG_WARN_QUOTED_INCLUDE_IN_FRAMEWORK_HEADER = YES;
				CLANG_WARN_RANGE_LOOP_ANALYSIS = YES;
				CLANG_WARN_STRICT_PROTOTYPES = YES;
				CLANG_WARN_SUSPICIOUS_MOVE = YES;
				CLANG_WARN_UNGUARDED_AVAILABILITY = YES_AGGRESSIVE;
				CLANG_WARN_UNREACHABLE_CODE = YES;
				CLANG_WARN__DUPLICATE_METHOD_MATCH = YES;
				COPY_PHASE_STRIP = NO;
				DEBUG_INFORMATION_FORMAT = "dwarf-with-dsym";
				ENABLE_NS_ASSERTIONS = NO;
				ENABLE_STRICT_OBJC_MSGSEND = YES;
				GCC_C_LANGUAGE_STANDARD = gnu11;
				GCC_NO_COMMON_BLOCKS = YES;
				GCC_WARN_64_TO_32_BIT_CONVERSION = YES;
				GCC_WARN_ABOUT_RETURN_TYPE = YES_ERROR;
				GCC_WARN_UNDECLARED_SELECTOR = YES;
				GCC_WARN_UNINITIALIZED_AUTOS = YES_AGGRESSIVE;
				GCC_WARN_UNUSED_FUNCTION = YES;
				GCC_WARN_UNUSED_VARIABLE = YES;
				IPHONEOS_DEPLOYMENT_TARGET = 14.1;
				MTL_ENABLE_DEBUG_INFO = NO;
				MTL_FAST_MATH = YES;
				SDKROOT = iphoneos;
				VALIDATE_PRODUCT = YES;
			};
			name = Release;
		};
		ABD04451255E76230044678E /* Debug */ = {
			isa = XCBuildConfiguration;
			buildSettings = {
				ASSETCATALOG_COMPILER_APPICON_NAME = AppIcon;
				ASSETCATALOG_COMPILER_GLOBAL_ACCENT_COLOR_NAME = AccentColor;
				CLANG_ENABLE_MODULES = YES;
				CODE_SIGN_STYLE = Automatic;
				DEVELOPMENT_TEAM = 5CDK8BEJAZ;
				INFOPLIST_FILE = YYCacheTransToSwift/Info.plist;
				LD_RUNPATH_SEARCH_PATHS = (
					"$(inherited)",
					"@executable_path/Frameworks",
				);
				PRODUCT_BUNDLE_IDENTIFIER = funguy.YYCacheTransToSwift;
				PRODUCT_NAME = "$(TARGET_NAME)";
				SWIFT_OBJC_BRIDGING_HEADER = "YYCacheTransToSwift/YYCacheTransToSwift-Bridging-Header.h";
				SWIFT_OPTIMIZATION_LEVEL = "-Onone";
				SWIFT_VERSION = 5.0;
				TARGETED_DEVICE_FAMILY = "1,2";
			};
			name = Debug;
		};
		ABD04452255E76230044678E /* Release */ = {
			isa = XCBuildConfiguration;
			buildSettings = {
				ASSETCATALOG_COMPILER_APPICON_NAME = AppIcon;
				ASSETCATALOG_COMPILER_GLOBAL_ACCENT_COLOR_NAME = AccentColor;
				CLANG_ENABLE_MODULES = YES;
				CODE_SIGN_STYLE = Automatic;
				DEVELOPMENT_TEAM = 5CDK8BEJAZ;
				INFOPLIST_FILE = YYCacheTransToSwift/Info.plist;
				LD_RUNPATH_SEARCH_PATHS = (
					"$(inherited)",
					"@executable_path/Frameworks",
				);
				PRODUCT_BUNDLE_IDENTIFIER = funguy.YYCacheTransToSwift;
				PRODUCT_NAME = "$(TARGET_NAME)";
				SWIFT_OBJC_BRIDGING_HEADER = "YYCacheTransToSwift/YYCacheTransToSwift-Bridging-Header.h";
				SWIFT_VERSION = 5.0;
				TARGETED_DEVICE_FAMILY = "1,2";
			};
			name = Release;
		};
/* End XCBuildConfiguration section */

/* Begin XCConfigurationList section */
		ABD04432255E76200044678E /* Build configuration list for PBXProject "YYCacheTransToSwift" */ = {
			isa = XCConfigurationList;
			buildConfigurations = (
				ABD0444E255E76230044678E /* Debug */,
				ABD0444F255E76230044678E /* Release */,
			);
			defaultConfigurationIsVisible = 0;
			defaultConfigurationName = Release;
		};
		ABD04450255E76230044678E /* Build configuration list for PBXNativeTarget "YYCacheTransToSwift" */ = {
			isa = XCConfigurationList;
			buildConfigurations = (
				ABD04451255E76230044678E /* Debug */,
				ABD04452255E76230044678E /* Release */,
			);
			defaultConfigurationIsVisible = 0;
			defaultConfigurationName = Release;
		};
/* End XCConfigurationList section */
	};
	rootObject = ABD0442F255E76200044678E /* Project object */;
}
